<?xml version="1.0" encoding="utf-8"?>
<Project ToolsVersion="4.0" xmlns="http://schemas.microsoft.com/developer/msbuild/2003">
  <ItemGroup>
    <Filter Include="src\Utils">
      <UniqueIdentifier>{a0000000-0000-0000-0000-000000000002}</UniqueIdentifier>
    </Filter>
    <Filter Include="src\Platform">
      <UniqueIdentifier>{a0000000-0000-0000-0000-000000000003}</UniqueIdentifier>
    </Filter>
    <Filter Include="src\Theme">
      <UniqueIdentifier>{a0000000-0000-0000-0000-000000000004}</UniqueIdentifier>
    </Filter>
    <Filter Include="src\Rendering">
      <UniqueIdentifier>{a0000000-0000-0000-0000-000000000005}</UniqueIdentifier>
    </Filter>
    <Filter Include="src\UI">
      <UniqueIdentifier>{a0000000-0000-0000-0000-000000000006}</UniqueIdentifier>
    </Filter>
    <Filter Include="src\Core">
      <UniqueIdentifier>{a0000000-0000-0000-0000-000000000007}</UniqueIdentifier>
    </Filter>
  </ItemGroup>
  <ItemGroup>
    <ClInclude Include="pch.h" />
    <ClCompile Include="pch.cpp" />
    <ClCompile Include="main.cpp" />
    <ClInclude Include="src\Utils\MathUtils.h"><Filter>src\Utils</Filter></ClInclude>
    <ClInclude Include="src\Utils\ColorUtils.h"><Filter>src\Utils</Filter></ClInclude>
    <ClCompile Include="src\Utils\ColorUtils.cpp"><Filter>src\Utils</Filter></ClCompile>
    <ClInclude Include="src\Platform\SystemSettings.h"><Filter>src\Platform</Filter></ClInclude>
    <ClCompile Include="src\Platform\SystemSettings.cpp"><Filter>src\Platform</Filter></ClCompile>
    <ClInclude Include="src\Theme\FluentTheme.h"><Filter>src\Theme</Filter></ClInclude>
    <ClCompile Include="src\Theme\FluentTheme.cpp"><Filter>src\Theme</Filter></ClCompile>
    <ClInclude Include="src\Rendering\Renderer.h"><Filter>src\Rendering</Filter></ClInclude>
    <ClCompile Include="src\Rendering\Renderer.cpp"><Filter>src\Rendering</Filter></ClCompile>
    <ClInclude Include="src\UI\Button.h"><Filter>src\UI</Filter></ClInclude>
    <ClCompile Include="src\UI\Button.cpp"><Filter>src\UI</Filter></ClCompile>
    <ClInclude Include="src\UI\NavPane.h"><Filter>src\UI</Filter></ClInclude>
    <ClCompile Include="src\UI\NavPane.cpp"><Filter>src\UI</Filter></ClCompile>
    <ClInclude Include="src\Core\App.h"><Filter>src\Core</Filter></ClInclude>
    <ClCompile Include="src\Core\App.cpp"><Filter>src\Core</Filter></ClCompile>
  </ItemGroup>
</Project>